
Microsoft Visual Studio Solution File, Format Version 12.00
# Visual Studio Version 17
VisualStudioVersion = 17.4.33205.214
MinimumVisualStudioVersion = 10.0.40219.1
Project("{FAE04EC0-301F-11D3-BF4B-00C04F79EFBC}") = "VoorraadSysteem", "VoorraadSysteem.csproj", "{1FADEA16-5F83-4CC1-BA9E-457917534A97}"
EndProject
Global
	GlobalSection(SolutionConfigurationPlatforms) = preSolution
		Debug|Any CPU = Debug|Any CPU
		Release|Any CPU = Release|Any CPU
	EndGlobalSection
	GlobalSection(ProjectConfigurationPlatforms) = postSolution
		{1FADEA16-5F83-4CC1-BA9E-457917534A97}.Debug|Any CPU.ActiveCfg = Debug|Any CPU
		{1FADEA16-5F83-4CC1-BA9E-457917534A97}.Debug|Any CPU.Build.0 = Debug|Any CPU
		{1FADEA16-5F83-4CC1-BA9E-457917534A97}.Release|Any CPU.ActiveCfg = Release|Any CPU
		{1FADEA16-5F83-4CC1-BA9E-457917534A97}.Release|Any CPU.Build.0 = Release|Any CPU
	EndGlobalSection
	GlobalSection(SolutionProperties) = preSolution
		HideSolutionNode = FALSE
	EndGlobalSection
	GlobalSection(ExtensibilityGlobals) = postSolution
		SolutionGuid = {F9B12FE8-D239-4071-8667-3DBA3CF8B40E}
	EndGlobalSection
EndGlobal
